
Microsoft Visual Studio Solution File, Format Version 12.00
# Visual Studio Version 17
VisualStudioVersion = 17.1.32228.430
MinimumVisualStudioVersion = 10.0.40219.1
Project("{9A19103F-16F7-4668-BE54-9A1E7A4F7556}") = "Calculations", "Math\Calculations.csproj", "{0462ADCB-D110-4844-96F4-8B334E43E7A7}"
EndProject
Project("{2150E333-8FDC-42A3-9474-1A3956D46DE8}") = "Tests", "Tests", "{89F9F155-E291-40FA-858F-FC53532530C0}"
EndProject
Project("{9A19103F-16F7-4668-BE54-9A1E7A4F7556}") = "Calculations.Test", "Tests\Math.Tests\Calculations.Test.csproj", "{701E8121-C5C0-4F0E-8324-BCC427D6D7E8}"
EndProject
Project("{9A19103F-16F7-4668-BE54-9A1E7A4F7556}") = "Exercise1", "Exercise1\Exercise1.csproj", "{A9CE9AEF-89E4-421A-8229-74564976508B}"
EndProject
Project("{9A19103F-16F7-4668-BE54-9A1E7A4F7556}") = "Exercise2", "Exercise2\Exercise2.csproj", "{8C4453E8-A1B5-480A-9D5C-6CAC2E2FC779}"
EndProject
Project("{2150E333-8FDC-42A3-9474-1A3956D46DE8}") = "Library", "Library", "{064B0F8C-C527-4BF1-8D92-289110F7A26B}"
EndProject
Project("{9A19103F-16F7-4668-BE54-9A1E7A4F7556}") = "BiggestIT", "MaiorIR\BiggestIT.csproj", "{F438F45F-E14D-4A0F-B91C-8D78BA133AD4}"
EndProject
Project("{9A19103F-16F7-4668-BE54-9A1E7A4F7556}") = "CalculateIT", "ClassLibrary1\CalculateIT.csproj", "{486DA97E-F149-41E8-BDFD-6A46081DB51D}"
EndProject
Project("{9A19103F-16F7-4668-BE54-9A1E7A4F7556}") = "Citizen", "Contribuinte\Citizen.csproj", "{32738C8B-4630-4015-B851-2F68FBE2FDF1}"
EndProject
Project("{2150E333-8FDC-42A3-9474-1A3956D46DE8}") = "Exercises", "Exercises", "{75148700-4438-4495-A9C2-3344CB465E4E}"
EndProject
Project("{9A19103F-16F7-4668-BE54-9A1E7A4F7556}") = "CalculateIT.Test", "ConsoleApp1\CalculateIT.Test.csproj", "{20C6E84F-019E-461F-9EA1-A6825BDE5D45}"
EndProject
Project("{2150E333-8FDC-42A3-9474-1A3956D46DE8}") = "Classes Exercise 1", "Classes Exercise 1", "{6F4B349E-8B5B-4F31-939F-EBE0E0BB8FC2}"
EndProject
Project("{2150E333-8FDC-42A3-9474-1A3956D46DE8}") = "Class Exercise 2, 3 and 4", "Class Exercise 2, 3 and 4", "{6D50F093-7380-481C-94C2-2BD3C0D6067E}"
EndProject
Project("{9A19103F-16F7-4668-BE54-9A1E7A4F7556}") = "Exercise3", "Exercise3\Exercise3.csproj", "{5B2DA775-67FD-46DB-9329-986E9BD20512}"
EndProject
Project("{9A19103F-16F7-4668-BE54-9A1E7A4F7556}") = "Exercise4", "Exercise4\Exercise4.csproj", "{0DDF8FD8-EFBA-4EE1-AB02-526253AD6F85}"
EndProject
Project("{9A19103F-16F7-4668-BE54-9A1E7A4F7556}") = "Citizen.Test", "ConsoleApp2\Citizen.Test.csproj", "{D85D7CFE-6B4D-4DBE-A158-1ABD7C6D1A97}"
EndProject
Project("{9A19103F-16F7-4668-BE54-9A1E7A4F7556}") = "BiggestIT.Test", "MaiorIR.Test\BiggestIT.Test.csproj", "{66F05C02-4383-417A-B794-1E425F7C080E}"
EndProject
Project("{9A19103F-16F7-4668-BE54-9A1E7A4F7556}") = "Exercise5", "Exercise5\Exercise5.csproj", "{5D978D79-D7A6-4B17-A94C-C30C6EE2D2B3}"
EndProject
Project("{9A19103F-16F7-4668-BE54-9A1E7A4F7556}") = "StringScissor", "ClassExercise5\StringScissor.csproj", "{CAA22682-5327-41F2-9D19-A942AFE74938}"
EndProject
Project("{2150E333-8FDC-42A3-9474-1A3956D46DE8}") = "Class Exercise 5", "Class Exercise 5", "{6DF07FC6-0204-4CF4-A45C-E05CE47C292F}"
EndProject
Project("{FAE04EC0-301F-11D3-BF4B-00C04F79EFBC}") = "StringManipulator.Test", "StringManipulator.Test\StringManipulator.Test.csproj", "{ECEB00AD-9AD3-467B-9F5D-8A53A44CFBB5}"
EndProject
Global
	GlobalSection(SolutionConfigurationPlatforms) = preSolution
		Debug|Any CPU = Debug|Any CPU
		Release|Any CPU = Release|Any CPU
	EndGlobalSection
	GlobalSection(ProjectConfigurationPlatforms) = postSolution
		{0462ADCB-D110-4844-96F4-8B334E43E7A7}.Debug|Any CPU.ActiveCfg = Debug|Any CPU
		{0462ADCB-D110-4844-96F4-8B334E43E7A7}.Debug|Any CPU.Build.0 = Debug|Any CPU
		{0462ADCB-D110-4844-96F4-8B334E43E7A7}.Release|Any CPU.ActiveCfg = Release|Any CPU
		{0462ADCB-D110-4844-96F4-8B334E43E7A7}.Release|Any CPU.Build.0 = Release|Any CPU
		{701E8121-C5C0-4F0E-8324-BCC427D6D7E8}.Debug|Any CPU.ActiveCfg = Debug|Any CPU
		{701E8121-C5C0-4F0E-8324-BCC427D6D7E8}.Debug|Any CPU.Build.0 = Debug|Any CPU
		{701E8121-C5C0-4F0E-8324-BCC427D6D7E8}.Release|Any CPU.ActiveCfg = Release|Any CPU
		{701E8121-C5C0-4F0E-8324-BCC427D6D7E8}.Release|Any CPU.Build.0 = Release|Any CPU
		{A9CE9AEF-89E4-421A-8229-74564976508B}.Debug|Any CPU.ActiveCfg = Debug|Any CPU
		{A9CE9AEF-89E4-421A-8229-74564976508B}.Debug|Any CPU.Build.0 = Debug|Any CPU
		{A9CE9AEF-89E4-421A-8229-74564976508B}.Release|Any CPU.ActiveCfg = Release|Any CPU
		{A9CE9AEF-89E4-421A-8229-74564976508B}.Release|Any CPU.Build.0 = Release|Any CPU
		{8C4453E8-A1B5-480A-9D5C-6CAC2E2FC779}.Debug|Any CPU.ActiveCfg = Debug|Any CPU
		{8C4453E8-A1B5-480A-9D5C-6CAC2E2FC779}.Debug|Any CPU.Build.0 = Debug|Any CPU
		{8C4453E8-A1B5-480A-9D5C-6CAC2E2FC779}.Release|Any CPU.ActiveCfg = Release|Any CPU
		{8C4453E8-A1B5-480A-9D5C-6CAC2E2FC779}.Release|Any CPU.Build.0 = Release|Any CPU
		{F438F45F-E14D-4A0F-B91C-8D78BA133AD4}.Debug|Any CPU.ActiveCfg = Debug|Any CPU
		{F438F45F-E14D-4A0F-B91C-8D78BA133AD4}.Debug|Any CPU.Build.0 = Debug|Any CPU
		{F438F45F-E14D-4A0F-B91C-8D78BA133AD4}.Release|Any CPU.ActiveCfg = Release|Any CPU
		{F438F45F-E14D-4A0F-B91C-8D78BA133AD4}.Release|Any CPU.Build.0 = Release|Any CPU
		{486DA97E-F149-41E8-BDFD-6A46081DB51D}.Debug|Any CPU.ActiveCfg = Debug|Any CPU
		{486DA97E-F149-41E8-BDFD-6A46081DB51D}.Debug|Any CPU.Build.0 = Debug|Any CPU
		{486DA97E-F149-41E8-BDFD-6A46081DB51D}.Release|Any CPU.ActiveCfg = Release|Any CPU
		{486DA97E-F149-41E8-BDFD-6A46081DB51D}.Release|Any CPU.Build.0 = Release|Any CPU
		{32738C8B-4630-4015-B851-2F68FBE2FDF1}.Debug|Any CPU.ActiveCfg = Debug|Any CPU
		{32738C8B-4630-4015-B851-2F68FBE2FDF1}.Debug|Any CPU.Build.0 = Debug|Any CPU
		{32738C8B-4630-4015-B851-2F68FBE2FDF1}.Release|Any CPU.ActiveCfg = Release|Any CPU
		{32738C8B-4630-4015-B851-2F68FBE2FDF1}.Release|Any CPU.Build.0 = Release|Any CPU
		{20C6E84F-019E-461F-9EA1-A6825BDE5D45}.Debug|Any CPU.ActiveCfg = Debug|Any CPU
		{20C6E84F-019E-461F-9EA1-A6825BDE5D45}.Debug|Any CPU.Build.0 = Debug|Any CPU
		{20C6E84F-019E-461F-9EA1-A6825BDE5D45}.Release|Any CPU.ActiveCfg = Release|Any CPU
		{20C6E84F-019E-461F-9EA1-A6825BDE5D45}.Release|Any CPU.Build.0 = Release|Any CPU
		{5B2DA775-67FD-46DB-9329-986E9BD20512}.Debug|Any CPU.ActiveCfg = Debug|Any CPU
		{5B2DA775-67FD-46DB-9329-986E9BD20512}.Debug|Any CPU.Build.0 = Debug|Any CPU
		{5B2DA775-67FD-46DB-9329-986E9BD20512}.Release|Any CPU.ActiveCfg = Release|Any CPU
		{5B2DA775-67FD-46DB-9329-986E9BD20512}.Release|Any CPU.Build.0 = Release|Any CPU
		{0DDF8FD8-EFBA-4EE1-AB02-526253AD6F85}.Debug|Any CPU.ActiveCfg = Debug|Any CPU
		{0DDF8FD8-EFBA-4EE1-AB02-526253AD6F85}.Debug|Any CPU.Build.0 = Debug|Any CPU
		{0DDF8FD8-EFBA-4EE1-AB02-526253AD6F85}.Release|Any CPU.ActiveCfg = Release|Any CPU
		{0DDF8FD8-EFBA-4EE1-AB02-526253AD6F85}.Release|Any CPU.Build.0 = Release|Any CPU
		{D85D7CFE-6B4D-4DBE-A158-1ABD7C6D1A97}.Debug|Any CPU.ActiveCfg = Debug|Any CPU
		{D85D7CFE-6B4D-4DBE-A158-1ABD7C6D1A97}.Debug|Any CPU.Build.0 = Debug|Any CPU
		{D85D7CFE-6B4D-4DBE-A158-1ABD7C6D1A97}.Release|Any CPU.ActiveCfg = Release|Any CPU
		{D85D7CFE-6B4D-4DBE-A158-1ABD7C6D1A97}.Release|Any CPU.Build.0 = Release|Any CPU
		{66F05C02-4383-417A-B794-1E425F7C080E}.Debug|Any CPU.ActiveCfg = Debug|Any CPU
		{66F05C02-4383-417A-B794-1E425F7C080E}.Debug|Any CPU.Build.0 = Debug|Any CPU
		{66F05C02-4383-417A-B794-1E425F7C080E}.Release|Any CPU.ActiveCfg = Release|Any CPU
		{66F05C02-4383-417A-B794-1E425F7C080E}.Release|Any CPU.Build.0 = Release|Any CPU
		{5D978D79-D7A6-4B17-A94C-C30C6EE2D2B3}.Debug|Any CPU.ActiveCfg = Debug|Any CPU
		{5D978D79-D7A6-4B17-A94C-C30C6EE2D2B3}.Debug|Any CPU.Build.0 = Debug|Any CPU
		{5D978D79-D7A6-4B17-A94C-C30C6EE2D2B3}.Release|Any CPU.ActiveCfg = Release|Any CPU
		{5D978D79-D7A6-4B17-A94C-C30C6EE2D2B3}.Release|Any CPU.Build.0 = Release|Any CPU
		{CAA22682-5327-41F2-9D19-A942AFE74938}.Debug|Any CPU.ActiveCfg = Debug|Any CPU
		{CAA22682-5327-41F2-9D19-A942AFE74938}.Debug|Any CPU.Build.0 = Debug|Any CPU
		{CAA22682-5327-41F2-9D19-A942AFE74938}.Release|Any CPU.ActiveCfg = Release|Any CPU
		{CAA22682-5327-41F2-9D19-A942AFE74938}.Release|Any CPU.Build.0 = Release|Any CPU
		{ECEB00AD-9AD3-467B-9F5D-8A53A44CFBB5}.Debug|Any CPU.ActiveCfg = Debug|Any CPU
		{ECEB00AD-9AD3-467B-9F5D-8A53A44CFBB5}.Debug|Any CPU.Build.0 = Debug|Any CPU
		{ECEB00AD-9AD3-467B-9F5D-8A53A44CFBB5}.Release|Any CPU.ActiveCfg = Release|Any CPU
		{ECEB00AD-9AD3-467B-9F5D-8A53A44CFBB5}.Release|Any CPU.Build.0 = Release|Any CPU
	EndGlobalSection
	GlobalSection(SolutionProperties) = preSolution
		HideSolutionNode = FALSE
	EndGlobalSection
	GlobalSection(NestedProjects) = preSolution
		{0462ADCB-D110-4844-96F4-8B334E43E7A7} = {6D50F093-7380-481C-94C2-2BD3C0D6067E}
		{701E8121-C5C0-4F0E-8324-BCC427D6D7E8} = {89F9F155-E291-40FA-858F-FC53532530C0}
		{A9CE9AEF-89E4-421A-8229-74564976508B} = {75148700-4438-4495-A9C2-3344CB465E4E}
		{8C4453E8-A1B5-480A-9D5C-6CAC2E2FC779} = {75148700-4438-4495-A9C2-3344CB465E4E}
		{F438F45F-E14D-4A0F-B91C-8D78BA133AD4} = {6F4B349E-8B5B-4F31-939F-EBE0E0BB8FC2}
		{486DA97E-F149-41E8-BDFD-6A46081DB51D} = {6F4B349E-8B5B-4F31-939F-EBE0E0BB8FC2}
		{32738C8B-4630-4015-B851-2F68FBE2FDF1} = {6F4B349E-8B5B-4F31-939F-EBE0E0BB8FC2}
		{20C6E84F-019E-461F-9EA1-A6825BDE5D45} = {89F9F155-E291-40FA-858F-FC53532530C0}
		{6F4B349E-8B5B-4F31-939F-EBE0E0BB8FC2} = {064B0F8C-C527-4BF1-8D92-289110F7A26B}
		{6D50F093-7380-481C-94C2-2BD3C0D6067E} = {064B0F8C-C527-4BF1-8D92-289110F7A26B}
		{5B2DA775-67FD-46DB-9329-986E9BD20512} = {75148700-4438-4495-A9C2-3344CB465E4E}
		{0DDF8FD8-EFBA-4EE1-AB02-526253AD6F85} = {75148700-4438-4495-A9C2-3344CB465E4E}
		{D85D7CFE-6B4D-4DBE-A158-1ABD7C6D1A97} = {89F9F155-E291-40FA-858F-FC53532530C0}
		{66F05C02-4383-417A-B794-1E425F7C080E} = {89F9F155-E291-40FA-858F-FC53532530C0}
		{5D978D79-D7A6-4B17-A94C-C30C6EE2D2B3} = {75148700-4438-4495-A9C2-3344CB465E4E}
		{CAA22682-5327-41F2-9D19-A942AFE74938} = {6DF07FC6-0204-4CF4-A45C-E05CE47C292F}
		{6DF07FC6-0204-4CF4-A45C-E05CE47C292F} = {064B0F8C-C527-4BF1-8D92-289110F7A26B}
		{ECEB00AD-9AD3-467B-9F5D-8A53A44CFBB5} = {89F9F155-E291-40FA-858F-FC53532530C0}
	EndGlobalSection
	GlobalSection(ExtensibilityGlobals) = postSolution
		SolutionGuid = {15D16BFD-F603-4B3C-AACD-0AB3F6D5AD7A}
	EndGlobalSection
EndGlobal
